<?xml version="1.0" encoding="UTF-8" standalone="yes" ?>
<CodeBlocks_project_file>
	<FileVersion major="1" minor="6" />
	<Project>
		<Option title="eye" />
		<Option pch_mode="2" />
		<Option compiler="gcc" />
		<Option virtualFolders="addons\;" />
		<Build>
			<Target title="Debug">
				<Option output="bin\Debug\eye" prefix_auto="1" extension_auto="1" />
				<Option object_output="obj\Debug\" />
				<Option type="1" />
				<Option compiler="gcc" />
				<Compiler>
					<Add option="-g" />
				</Compiler>
				<Linker>
					<Add option="../library/of_v0071/libs/openFrameworksCompiled/lib/win_cb/openFrameworksDebug.lib" />
				</Linker>
			</Target>
			<Target title="Release">
				<Option output="bin\Release\eye" prefix_auto="1" extension_auto="1" />
				<Option object_output="obj\Release\" />
				<Option type="1" />
				<Option compiler="gcc" />
				<Compiler>
					<Add option="-O2" />
				</Compiler>
				<Linker>
					<Add option="-s" />
					<Add option="../library/of_v0071/libs/openFrameworksCompiled/lib/win_cb/openFrameworks.lib" />
				</Linker>
			</Target>
		</Build>
		<Compiler>
			<Add directory="..\library\of_v0071\libs\glu\include" />
			<Add directory="..\library\of_v0071\libs\freetype\include" />
			<Add directory="..\library\of_v0071\libs\freetype\include\freetype2" />
			<Add directory="..\library\of_v0071\libs\FreeImage\include" />
			<Add directory="..\library\of_v0071\libs\quicktime\include" />
			<Add directory="..\library\of_v0071\libs\rtAudio\include" />
			<Add directory="..\library\of_v0071\libs\fmodex\include" />
			<Add directory="..\library\of_v0071\libs\videoInput\include" />
			<Add directory="..\library\of_v0071\libs\glew\include" />
			<Add directory="..\library\of_v0071\libs\glut\include" />
			<Add directory="..\library\of_v0071\libs\openFrameworks" />
			<Add directory="..\library\of_v0071\libs\openFrameworks\3d" />
			<Add directory="..\library\of_v0071\libs\openFrameworks\app" />
			<Add directory="..\library\of_v0071\libs\openFrameworks\communication" />
			<Add directory="..\library\of_v0071\libs\openFrameworks\events" />
			<Add directory="..\library\of_v0071\libs\openFrameworks\gl" />
			<Add directory="..\library\of_v0071\libs\openFrameworks\graphics" />
			<Add directory="..\library\of_v0071\libs\openFrameworks\math" />
			<Add directory="..\library\of_v0071\libs\openFrameworks\sound" />
			<Add directory="..\library\of_v0071\libs\openFrameworks\types" />
			<Add directory="..\library\of_v0071\libs\openFrameworks\utils" />
			<Add directory="..\library\of_v0071\libs\openFrameworks\video" />
			<Add directory="..\library\of_v0071\libs\poco\include" />
			<Add directory="..\library\of_v0071\libs\tess2\include" />
			<Add directory="..\library\of_v0071\libs\cairo\include\cairo" />
			<Add directory="..\library\of_v0071\addons\ofxOpenCv\libs" />
			<Add directory="..\library\of_v0071\addons\ofxOpenCv\libs\opencv" />
			<Add directory="..\library\of_v0071\addons\ofxOpenCv\libs\opencv\include" />
			<Add directory="..\library\of_v0071\addons\ofxOpenCv\libs\opencv\include\opencv" />
			<Add directory="..\library\of_v0071\addons\ofxOpenCv\libs\opencv\include\opencv2" />
			<Add directory="..\library\of_v0071\addons\ofxOpenCv\libs\opencv\include\opencv2\calib3d" />
			<Add directory="..\library\of_v0071\addons\ofxOpenCv\libs\opencv\include\opencv2\contrib" />
			<Add directory="..\library\of_v0071\addons\ofxOpenCv\libs\opencv\include\opencv2\core" />
			<Add directory="..\library\of_v0071\addons\ofxOpenCv\libs\opencv\include\opencv2\features2d" />
			<Add directory="..\library\of_v0071\addons\ofxOpenCv\libs\opencv\include\opencv2\flann" />
			<Add directory="..\library\of_v0071\addons\ofxOpenCv\libs\opencv\include\opencv2\gpu" />
			<Add directory="..\library\of_v0071\addons\ofxOpenCv\libs\opencv\include\opencv2\highgui" />
			<Add directory="..\library\of_v0071\addons\ofxOpenCv\libs\opencv\include\opencv2\imgproc" />
			<Add directory="..\library\of_v0071\addons\ofxOpenCv\libs\opencv\include\opencv2\legacy" />
			<Add directory="..\library\of_v0071\addons\ofxOpenCv\libs\opencv\include\opencv2\ml" />
			<Add directory="..\library\of_v0071\addons\ofxOpenCv\libs\opencv\include\opencv2\objdetect" />
			<Add directory="..\library\of_v0071\addons\ofxOpenCv\libs\opencv\include\opencv2\ts" />
			<Add directory="..\library\of_v0071\addons\ofxOpenCv\libs\opencv\include\opencv2\video" />
			<Add directory="..\library\of_v0071\addons\ofxOpenCv\libs\opencv\lib" />
			<Add directory="..\library\of_v0071\addons\ofxOpenCv\libs\opencv\lib\win_cb" />
			<Add directory="..\library\of_v0071\addons\ofxOpenCv\src" />
			<Add directory="src" />
		</Compiler>
		<Linker>
			<Add library="..\library\of_v0071\libs\FreeImage\lib\win_cb\FreeImage.lib" />
			<Add library="..\library\of_v0071\libs\rtAudio\lib\win_cb\librtaudio.a" />
			<Add library="..\library\of_v0071\libs\quicktime\lib\win_cb\qtmlClient.lib" />
			<Add library="..\library\of_v0071\libs\cairo\lib\win_cb\libcairo.a" />
			<Add library="..\library\of_v0071\libs\cairo\lib\win_cb\libpixman-1.a" />
			<Add library="..\library\of_v0071\libs\freetype\lib\win_cb\libfreetype.a" />
			<Add library="..\library\of_v0071\libs\glut\lib\win_cb\libglut.a" />
			<Add library="..\library\of_v0071\libs\videoInput\lib\win_cb\videoInputLib.a" />
			<Add library="..\library\of_v0071\libs\fmodex\lib\win_cb\libfmodex.a" />
			<Add library="..\library\of_v0071\libs\glew\lib\win_cb\glew32s.lib" />
			<Add library="..\library\of_v0071\libs\glu\lib\win_cb\glu32.lib" />
			<Add library="..\library\of_v0071\libs\poco\lib\win_cb\libPocoNet.a" />
			<Add library="..\library\of_v0071\libs\poco\lib\win_cb\libPocoUtil.a" />
			<Add library="..\library\of_v0071\libs\poco\lib\win_cb\libPocoXML.a" />
			<Add library="..\library\of_v0071\libs\poco\lib\win_cb\libPocoFoundation.a" />
			<Add library="..\library\of_v0071\libs\tess2\lib\win_cb\libtess2.a" />
			<Add library="opengl32" />
			<Add library="gdi32" />
			<Add library="msimg32" />
			<Add library="glu32" />
			<Add library="dsound" />
			<Add library="winmm" />
			<Add library="dxguid" />
			<Add library="strmbase" />
			<Add library="strmiids" />
			<Add library="z" />
			<Add library="uuid" />
			<Add library="ole32" />
			<Add library="oleaut32" />
			<Add library="setupapi" />
			<Add library="wsock32" />
			<Add library="ws2_32" />
			<Add library="Iphlpapi" />
			<Add library="Comdlg32" />
			<Add library="..\library\of_v0071\addons\ofxOpenCv\libs\opencv\lib\win_cb\libopencv_legacy231.a" />
			<Add library="..\library\of_v0071\addons\ofxOpenCv\libs\opencv\lib\win_cb\libopencv_haartraining_engine.a" />
			<Add library="..\library\of_v0071\addons\ofxOpenCv\libs\opencv\lib\win_cb\libopencv_calib3d231.a" />
			<Add library="..\library\of_v0071\addons\ofxOpenCv\libs\opencv\lib\win_cb\libopencv_features2d231.a" />
			<Add library="..\library\of_v0071\addons\ofxOpenCv\libs\opencv\lib\win_cb\libopencv_objdetect231.a" />
			<Add library="..\library\of_v0071\addons\ofxOpenCv\libs\opencv\lib\win_cb\libopencv_highgui231.a" />
			<Add library="..\library\of_v0071\addons\ofxOpenCv\libs\opencv\lib\win_cb\libopencv_imgproc231.a" />
			<Add library="..\library\of_v0071\addons\ofxOpenCv\libs\opencv\lib\win_cb\libopencv_video231.a" />
			<Add library="..\library\of_v0071\addons\ofxOpenCv\libs\opencv\lib\win_cb\libopencv_ml231.a" />
			<Add library="..\library\of_v0071\addons\ofxOpenCv\libs\opencv\lib\win_cb\libopencv_core231.a" />
			<Add library="..\library\of_v0071\addons\ofxOpenCv\libs\opencv\lib\win_cb\libopencv_flann231.a" />
			<Add library="..\library\of_v0071\addons\ofxOpenCv\libs\opencv\lib\win_cb\libopencv_contrib231.a" />
			<Add library="..\library\of_v0071\addons\ofxOpenCv\libs\opencv\lib\win_cb\libopencv_gpu231.a" />
			<Add library="..\library\of_v0071\addons\ofxOpenCv\libs\opencv\lib\win_cb\libopencv_ts231.a" />
			<Add library="..\library\of_v0071\addons\ofxOpenCv\libs\opencv\lib\win_cb\libzlib.a" />
		</Linker>
		<Unit filename="cvEyeTracker.cpp" />
		<Unit filename="cvEyeTracker.h" />
		<Unit filename="main.cpp" />
		<Unit filename="..\library\of_v0071\addons\ofxOpenCv\src\ofxCvColorImage.cpp" />
		<Unit filename="..\library\of_v0071\addons\ofxOpenCv\src\ofxCvContourFinder.cpp" />
		<Unit filename="..\library\of_v0071\addons\ofxOpenCv\src\ofxCvFloatImage.cpp" />
		<Unit filename="..\library\of_v0071\addons\ofxOpenCv\src\ofxCvGrayscaleImage.cpp" />
		<Unit filename="..\library\of_v0071\addons\ofxOpenCv\src\ofxCvHaarFinder.cpp" />
		<Unit filename="..\library\of_v0071\addons\ofxOpenCv\src\ofxCvImage.cpp" />
		<Unit filename="..\library\of_v0071\addons\ofxOpenCv\src\ofxCvShortImage.cpp" />
		<Extensions>
			<code_completion />
			<envvars />
			<debugger />
			<lib_finder disable_auto="1" />
		</Extensions>
	</Project>
</CodeBlocks_project_file>
